
Microsoft Visual Studio Solution File, Format Version 12.00
# Visual Studio Version 17
VisualStudioVersion = 17.5.002.0
MinimumVisualStudioVersion = 10.0.40219.1
Project("{9A19103F-16F7-4668-BE54-9A1E7A4F7556}") = "quentefrio", "quentefrio.csproj", "{A1413CC7-BE0D-468F-8450-FD4BFBD1D279}"
EndProject
Global
	GlobalSection(SolutionConfigurationPlatforms) = preSolution
		Debug|Any CPU = Debug|Any CPU
		Release|Any CPU = Release|Any CPU
	EndGlobalSection
	GlobalSection(ProjectConfigurationPlatforms) = postSolution
		{A1413CC7-BE0D-468F-8450-FD4BFBD1D279}.Debug|Any CPU.ActiveCfg = Debug|Any CPU
		{A1413CC7-BE0D-468F-8450-FD4BFBD1D279}.Debug|Any CPU.Build.0 = Debug|Any CPU
		{A1413CC7-BE0D-468F-8450-FD4BFBD1D279}.Release|Any CPU.ActiveCfg = Release|Any CPU
		{A1413CC7-BE0D-468F-8450-FD4BFBD1D279}.Release|Any CPU.Build.0 = Release|Any CPU
	EndGlobalSection
	GlobalSection(SolutionProperties) = preSolution
		HideSolutionNode = FALSE
	EndGlobalSection
	GlobalSection(ExtensibilityGlobals) = postSolution
		SolutionGuid = {CA1F19A6-F175-4D0C-B9D7-97AA52F0CA6B}
	EndGlobalSection
EndGlobal
